// !$*UTF8*$!
{
	archiveVersion = 1;
	classes = {
	};
	objectVersion = 50;
	objects = {

/* Begin PBXBuildFile section */
		A6B73F1725EC8A4D005F9ED2 /* ContactsApp.swift in Sources */ = {isa = PBXBuildFile; fileRef = A6B73F1625EC8A4D005F9ED2 /* ContactsApp.swift */; };
		A6B73F1925EC8A4D005F9ED2 /* ContentView.swift in Sources */ = {isa = PBXBuildFile; fileRef = A6B73F1825EC8A4D005F9ED2 /* ContentView.swift */; };
		A6B73F1B25EC8A4E005F9ED2 /* Assets.xcassets in Resources */ = {isa = PBXBuildFile; fileRef = A6B73F1A25EC8A4E005F9ED2 /* Assets.xcassets */; };
		A6B73F1E25EC8A4E005F9ED2 /* Preview Assets.xcassets in Resources */ = {isa = PBXBuildFile; fileRef = A6B73F1D25EC8A4E005F9ED2 /* Preview Assets.xcassets */; };
		A6B73F2925EC8A4E005F9ED2 /* ContactsTests.swift in Sources */ = {isa = PBXBuildFile; fileRef = A6B73F2825EC8A4E005F9ED2 /* ContactsTests.swift */; };
		A6B73F3425EC8A4E005F9ED2 /* ContactsUITests.swift in Sources */ = {isa = PBXBuildFile; fileRef = A6B73F3325EC8A4E005F9ED2 /* ContactsUITests.swift */; };
/* End PBXBuildFile section */

/* Begin PBXContainerItemProxy section */
		A6B73F2525EC8A4E005F9ED2 /* PBXContainerItemProxy */ = {
			isa = PBXContainerItemProxy;
			containerPortal = A6B73F0B25EC8A4D005F9ED2 /* Project object */;
			proxyType = 1;
			remoteGlobalIDString = A6B73F1225EC8A4D005F9ED2;
			remoteInfo = Contacts;
		};
		A6B73F3025EC8A4E005F9ED2 /* PBXContainerItemProxy */ = {
			isa = PBXContainerItemProxy;
			containerPortal = A6B73F0B25EC8A4D005F9ED2 /* Project object */;
			proxyType = 1;
			remoteGlobalIDString = A6B73F1225EC8A4D005F9ED2;
			remoteInfo = Contacts;
		};
/* End PBXContainerItemProxy section */

/* Begin PBXFileReference section */
		A6B73F1325EC8A4D005F9ED2 /* Contacts.app */ = {isa = PBXFileReference; explicitFileType = wrapper.application; includeInIndex = 0; path = Contacts.app; sourceTree = BUILT_PRODUCTS_DIR; };
		A6B73F1625EC8A4D005F9ED2 /* ContactsApp.swift */ = {isa = PBXFileReference; lastKnownFileType = sourcecode.swift; path = ContactsApp.swift; sourceTree = "<group>"; };
		A6B73F1825EC8A4D005F9ED2 /* ContentView.swift */ = {isa = PBXFileReference; lastKnownFileType = sourcecode.swift; path = ContentView.swift; sourceTree = "<group>"; };
		A6B73F1A25EC8A4E005F9ED2 /* Assets.xcassets */ = {isa = PBXFileReference; lastKnownFileType = folder.assetcatalog; path = Assets.xcassets; sourceTree = "<group>"; };
		A6B73F1D25EC8A4E005F9ED2 /* Preview Assets.xcassets */ = {isa = PBXFileReference; lastKnownFileType = folder.assetcatalog; path = "Preview Assets.xcassets"; sourceTree = "<group>"; };
		A6B73F1F25EC8A4E005F9ED2 /* Info.plist */ = {isa = PBXFileReference; lastKnownFileType = text.plist.xml; path = Info.plist; sourceTree = "<group>"; };
		A6B73F2425EC8A4E005F9ED2 /* ContactsTests.xctest */ = {isa = PBXFileReference; explicitFileType = wrapper.cfbundle; includeInIndex = 0; path = ContactsTests.xctest; sourceTree = BUILT_PRODUCTS_DIR; };
		A6B73F2825EC8A4E005F9ED2 /* ContactsTests.swift */ = {isa = PBXFileReference; lastKnownFileType = sourcecode.swift; path = ContactsTests.swift; sourceTree = "<group>"; };
		A6B73F2A25EC8A4E005F9ED2 /* Info.plist */ = {isa = PBXFileReference; lastKnownFileType = text.plist.xml; path = Info.plist; sourceTree = "<group>"; };
		A6B73F2F25EC8A4E005F9ED2 /* ContactsUITests.xctest */ = {isa = PBXFileReference; explicitFileType = wrapper.cfbundle; includeInIndex = 0; path = ContactsUITests.xctest; sourceTree = BUILT_PRODUCTS_DIR; };
		A6B73F3325EC8A4E005F9ED2 /* ContactsUITests.swift */ = {isa = PBXFileReference; lastKnownFileType = sourcecode.swift; path = ContactsUITests.swift; sourceTree = "<group>"; };
		A6B73F3525EC8A4E005F9ED2 /* Info.plist */ = {isa = PBXFileReference; lastKnownFileType = text.plist.xml; path = Info.plist; sourceTree = "<group>"; };
/* End PBXFileReference section */

/* Begin PBXFrameworksBuildPhase section */
		A6B73F1025EC8A4D005F9ED2 /* Frameworks */ = {
			isa = PBXFrameworksBuildPhase;
			buildActionMask = 2147483647;
			files = (
			);
			runOnlyForDeploymentPostprocessing = 0;
		};
		A6B73F2125EC8A4E005F9ED2 /* Frameworks */ = {
			isa = PBXFrameworksBuildPhase;
			buildActionMask = 2147483647;
			files = (
			);
			runOnlyForDeploymentPostprocessing = 0;
		};
		A6B73F2C25EC8A4E005F9ED2 /* Frameworks */ = {
			isa = PBXFrameworksBuildPhase;
			buildActionMask = 2147483647;
			files = (
			);
			runOnlyForDeploymentPostprocessing = 0;
		};
/* End PBXFrameworksBuildPhase section */

/* Begin PBXGroup section */
		A6B73F0A25EC8A4D005F9ED2 = {
			isa = PBXGroup;
			children = (
				A6B73F1525EC8A4D005F9ED2 /* Contacts */,
				A6B73F2725EC8A4E005F9ED2 /* ContactsTests */,
				A6B73F3225EC8A4E005F9ED2 /* ContactsUITests */,
				A6B73F1425EC8A4D005F9ED2 /* Products */,
			);
			sourceTree = "<group>";
		};
		A6B73F1425EC8A4D005F9ED2 /* Products */ = {
			isa = PBXGroup;
			children = (
				A6B73F1325EC8A4D005F9ED2 /* Contacts.app */,
				A6B73F2425EC8A4E005F9ED2 /* ContactsTests.xctest */,
				A6B73F2F25EC8A4E005F9ED2 /* ContactsUITests.xctest */,
			);
			name = Products;
			sourceTree = "<group>";
		};
		A6B73F1525EC8A4D005F9ED2 /* Contacts */ = {
			isa = PBXGroup;
			children = (
				A6B73F1625EC8A4D005F9ED2 /* ContactsApp.swift */,
				A6B73F1825EC8A4D005F9ED2 /* ContentView.swift */,
				A6B73F1A25EC8A4E005F9ED2 /* Assets.xcassets */,
				A6B73F1F25EC8A4E005F9ED2 /* Info.plist */,
				A6B73F1C25EC8A4E005F9ED2 /* Preview Content */,
			);
			path = Contacts;
			sourceTree = "<group>";
		};
		A6B73F1C25EC8A4E005F9ED2 /* Preview Content */ = {
			isa = PBXGroup;
			children = (
				A6B73F1D25EC8A4E005F9ED2 /* Preview Assets.xcassets */,
			);
			path = "Preview Content";
			sourceTree = "<group>";
		};
		A6B73F2725EC8A4E005F9ED2 /* ContactsTests */ = {
			isa = PBXGroup;
			children = (
				A6B73F2825EC8A4E005F9ED2 /* ContactsTests.swift */,
				A6B73F2A25EC8A4E005F9ED2 /* Info.plist */,
			);
			path = ContactsTests;
			sourceTree = "<group>";
		};
		A6B73F3225EC8A4E005F9ED2 /* ContactsUITests */ = {
			isa = PBXGroup;
			children = (
				A6B73F3325EC8A4E005F9ED2 /* ContactsUITests.swift */,
				A6B73F3525EC8A4E005F9ED2 /* Info.plist */,
			);
			path = ContactsUITests;
			sourceTree = "<group>";
		};
/* End PBXGroup section */

/* Begin PBXNativeTarget section */
		A6B73F1225EC8A4D005F9ED2 /* Contacts */ = {
			isa = PBXNativeTarget;
			buildConfigurationList = A6B73F3825EC8A4E005F9ED2 /* Build configuration list for PBXNativeTarget "Contacts" */;
			buildPhases = (
				A6B73F0F25EC8A4D005F9ED2 /* Sources */,
				A6B73F1025EC8A4D005F9ED2 /* Frameworks */,
				A6B73F1125EC8A4D005F9ED2 /* Resources */,
			);
			buildRules = (
			);
			dependencies = (
			);
			name = Contacts;
			productName = Contacts;
			productReference = A6B73F1325EC8A4D005F9ED2 /* Contacts.app */;
			productType = "com.apple.product-type.application";
		};
		A6B73F2325EC8A4E005F9ED2 /* ContactsTests */ = {
			isa = PBXNativeTarget;
			buildConfigurationList = A6B73F3B25EC8A4E005F9ED2 /* Build configuration list for PBXNativeTarget "ContactsTests" */;
			buildPhases = (
				A6B73F2025EC8A4E005F9ED2 /* Sources */,
				A6B73F2125EC8A4E005F9ED2 /* Frameworks */,
				A6B73F2225EC8A4E005F9ED2 /* Resources */,
			);
			buildRules = (
			);
			dependencies = (
				A6B73F2625EC8A4E005F9ED2 /* PBXTargetDependency */,
			);
			name = ContactsTests;
			productName = ContactsTests;
			productReference = A6B73F2425EC8A4E005F9ED2 /* ContactsTests.xctest */;
			productType = "com.apple.product-type.bundle.unit-test";
		};
		A6B73F2E25EC8A4E005F9ED2 /* ContactsUITests */ = {
			isa = PBXNativeTarget;
			buildConfigurationList = A6B73F3E25EC8A4E005F9ED2 /* Build configuration list for PBXNativeTarget "ContactsUITests" */;
			buildPhases = (
				A6B73F2B25EC8A4E005F9ED2 /* Sources */,
				A6B73F2C25EC8A4E005F9ED2 /* Frameworks */,
				A6B73F2D25EC8A4E005F9ED2 /* Resources */,
			);
			buildRules = (
			);
			dependencies = (
				A6B73F3125EC8A4E005F9ED2 /* PBXTargetDependency */,
			);
			name = ContactsUITests;
			productName = ContactsUITests;
			productReference = A6B73F2F25EC8A4E005F9ED2 /* ContactsUITests.xctest */;
			productType = "com.apple.product-type.bundle.ui-testing";
		};
/* End PBXNativeTarget section */

/* Begin PBXProject section */
		A6B73F0B25EC8A4D005F9ED2 /* Project object */ = {
			isa = PBXProject;
			attributes = {
				LastSwiftUpdateCheck = 1240;
				LastUpgradeCheck = 1240;
				TargetAttributes = {
					A6B73F1225EC8A4D005F9ED2 = {
						CreatedOnToolsVersion = 12.4;
					};
					A6B73F2325EC8A4E005F9ED2 = {
						CreatedOnToolsVersion = 12.4;
						TestTargetID = A6B73F1225EC8A4D005F9ED2;
					};
					A6B73F2E25EC8A4E005F9ED2 = {
						CreatedOnToolsVersion = 12.4;
						TestTargetID = A6B73F1225EC8A4D005F9ED2;
					};
				};
			};
			buildConfigurationList = A6B73F0E25EC8A4D005F9ED2 /* Build configuration list for PBXProject "Contacts" */;
			compatibilityVersion = "Xcode 9.3";
			developmentRegion = en;
			hasScannedForEncodings = 0;
			knownRegions = (
				en,
				Base,
			);
			mainGroup = A6B73F0A25EC8A4D005F9ED2;
			productRefGroup = A6B73F1425EC8A4D005F9ED2 /* Products */;
			projectDirPath = "";
			projectRoot = "";
			targets = (
				A6B73F1225EC8A4D005F9ED2 /* Contacts */,
				A6B73F2325EC8A4E005F9ED2 /* ContactsTests */,
				A6B73F2E25EC8A4E005F9ED2 /* ContactsUITests */,
			);
		};
/* End PBXProject section */

/* Begin PBXResourcesBuildPhase section */
		A6B73F1125EC8A4D005F9ED2 /* Resources */ = {
			isa = PBXResourcesBuildPhase;
			buildActionMask = 2147483647;
			files = (
				A6B73F1E25EC8A4E005F9ED2 /* Preview Assets.xcassets in Resources */,
				A6B73F1B25EC8A4E005F9ED2 /* Assets.xcassets in Resources */,
			);
			runOnlyForDeploymentPostprocessing = 0;
		};
		A6B73F2225EC8A4E005F9ED2 /* Resources */ = {
			isa = PBXResourcesBuildPhase;
			buildActionMask = 2147483647;
			files = (
			);
			runOnlyForDeploymentPostprocessing = 0;
		};
		A6B73F2D25EC8A4E005F9ED2 /* Resources */ = {
			isa = PBXResourcesBuildPhase;
			buildActionMask = 2147483647;
			files = (
			);
			runOnlyForDeploymentPostprocessing = 0;
		};
/* End PBXResourcesBuildPhase section */

/* Begin PBXSourcesBuildPhase section */
		A6B73F0F25EC8A4D005F9ED2 /* Sources */ = {
			isa = PBXSourcesBuildPhase;
			buildActionMask = 2147483647;
			files = (
				A6B73F1925EC8A4D005F9ED2 /* ContentView.swift in Sources */,
				A6B73F1725EC8A4D005F9ED2 /* ContactsApp.swift in Sources */,
			);
			runOnlyForDeploymentPostprocessing = 0;
		};
		A6B73F2025EC8A4E005F9ED2 /* Sources */ = {
			isa = PBXSourcesBuildPhase;
			buildActionMask = 2147483647;
			files = (
				A6B73F2925EC8A4E005F9ED2 /* ContactsTests.swift in Sources */,
			);
			runOnlyForDeploymentPostprocessing = 0;
		};
		A6B73F2B25EC8A4E005F9ED2 /* Sources */ = {
			isa = PBXSourcesBuildPhase;
			buildActionMask = 2147483647;
			files = (
				A6B73F3425EC8A4E005F9ED2 /* ContactsUITests.swift in Sources */,
			);
			runOnlyForDeploymentPostprocessing = 0;
		};
/* End PBXSourcesBuildPhase section */

/* Begin PBXTargetDependency section */
		A6B73F2625EC8A4E005F9ED2 /* PBXTargetDependency */ = {
			isa = PBXTargetDependency;
			target = A6B73F1225EC8A4D005F9ED2 /* Contacts */;
			targetProxy = A6B73F2525EC8A4E005F9ED2 /* PBXContainerItemProxy */;
		};
		A6B73F3125EC8A4E005F9ED2 /* PBXTargetDependency */ = {
			isa = PBXTargetDependency;
			target = A6B73F1225EC8A4D005F9ED2 /* Contacts */;
			targetProxy = A6B73F3025EC8A4E005F9ED2 /* PBXContainerItemProxy */;
		};
/* End PBXTargetDependency section */

/* Begin XCBuildConfiguration section */
		A6B73F3625EC8A4E005F9ED2 /* Debug */ = {
			isa = XCBuildConfiguration;
			buildSettings = {
				ALWAYS_SEARCH_USER_PATHS = NO;
				CLANG_ANALYZER_NONNULL = YES;
				CLANG_ANALYZER_NUMBER_OBJECT_CONVERSION = YES_AGGRESSIVE;
				CLANG_CXX_LANGUAGE_STANDARD = "gnu++14";
				CLANG_CXX_LIBRARY = "libc++";
				CLANG_ENABLE_MODULES = YES;
				CLANG_ENABLE_OBJC_ARC = YES;
				CLANG_ENABLE_OBJC_WEAK = YES;
				CLANG_WARN_BLOCK_CAPTURE_AUTORELEASING = YES;
				CLANG_WARN_BOOL_CONVERSION = YES;
				CLANG_WARN_COMMA = YES;
				CLANG_WARN_CONSTANT_CONVERSION = YES;
				CLANG_WARN_DEPRECATED_OBJC_IMPLEMENTATIONS = YES;
				CLANG_WARN_DIRECT_OBJC_ISA_USAGE = YES_ERROR;
				CLANG_WARN_DOCUMENTATION_COMMENTS = YES;
				CLANG_WARN_EMPTY_BODY = YES;
				CLANG_WARN_ENUM_CONVERSION = YES;
				CLANG_WARN_INFINITE_RECURSION = YES;
				CLANG_WARN_INT_CONVERSION = YES;
				CLANG_WARN_NON_LITERAL_NULL_CONVERSION = YES;
				CLANG_WARN_OBJC_IMPLICIT_RETAIN_SELF = YES;
				CLANG_WARN_OBJC_LITERAL_CONVERSION = YES;
				CLANG_WARN_OBJC_ROOT_CLASS = YES_ERROR;
				CLANG_WARN_QUOTED_INCLUDE_IN_FRAMEWORK_HEADER = YES;
				CLANG_WARN_RANGE_LOOP_ANALYSIS = YES;
				CLANG_WARN_STRICT_PROTOTYPES = YES;
				CLANG_WARN_SUSPICIOUS_MOVE = YES;
				CLANG_WARN_UNGUARDED_AVAILABILITY = YES_AGGRESSIVE;
				CLANG_WARN_UNREACHABLE_CODE = YES;
				CLANG_WARN__DUPLICATE_METHOD_MATCH = YES;
				COPY_PHASE_STRIP = NO;
				DEBUG_INFORMATION_FORMAT = dwarf;
				ENABLE_STRICT_OBJC_MSGSEND = YES;
				ENABLE_TESTABILITY = YES;
				GCC_C_LANGUAGE_STANDARD = gnu11;
				GCC_DYNAMIC_NO_PIC = NO;
				GCC_NO_COMMON_BLOCKS = YES;
				GCC_OPTIMIZATION_LEVEL = 0;
				GCC_PREPROCESSOR_DEFINITIONS = (
					"DEBUG=1",
					"$(inherited)",
				);
				GCC_WARN_64_TO_32_BIT_CONVERSION = YES;
				GCC_WARN_ABOUT_RETURN_TYPE = YES_ERROR;
				GCC_WARN_UNDECLARED_SELECTOR = YES;
				GCC_WARN_UNINITIALIZED_AUTOS = YES_AGGRESSIVE;
				GCC_WARN_UNUSED_FUNCTION = YES;
				GCC_WARN_UNUSED_VARIABLE = YES;
				IPHONEOS_DEPLOYMENT_TARGET = 14.4;
				MTL_ENABLE_DEBUG_INFO = INCLUDE_SOURCE;
				MTL_FAST_MATH = YES;
				ONLY_ACTIVE_ARCH = YES;
				SDKROOT = iphoneos;
				SWIFT_ACTIVE_COMPILATION_CONDITIONS = DEBUG;
				SWIFT_OPTIMIZATION_LEVEL = "-Onone";
			};
			name = Debug;
		};
		A6B73F3725EC8A4E005F9ED2 /* Release */ = {
			isa = XCBuildConfiguration;
			buildSettings = {
				ALWAYS_SEARCH_USER_PATHS = NO;
				CLANG_ANALYZER_NONNULL = YES;
				CLANG_ANALYZER_NUMBER_OBJECT_CONVERSION = YES_AGGRESSIVE;
				CLANG_CXX_LANGUAGE_STANDARD = "gnu++14";
				CLANG_CXX_LIBRARY = "libc++";
				CLANG_ENABLE_MODULES = YES;
				CLANG_ENABLE_OBJC_ARC = YES;
				CLANG_ENABLE_OBJC_WEAK = YES;
				CLANG_WARN_BLOCK_CAPTURE_AUTORELEASING = YES;
				CLANG_WARN_BOOL_CONVERSION = YES;
				CLANG_WARN_COMMA = YES;
				CLANG_WARN_CONSTANT_CONVERSION = YES;
				CLANG_WARN_DEPRECATED_OBJC_IMPLEMENTATIONS = YES;
				CLANG_WARN_DIRECT_OBJC_ISA_USAGE = YES_ERROR;
				CLANG_WARN_DOCUMENTATION_COMMENTS = YES;
				CLANG_WARN_EMPTY_BODY = YES;
				CLANG_WARN_ENUM_CONVERSION = YES;
				CLANG_WARN_INFINITE_RECURSION = YES;
				CLANG_WARN_INT_CONVERSION = YES;
				CLANG_WARN_NON_LITERAL_NULL_CONVERSION = YES;
				CLANG_WARN_OBJC_IMPLICIT_RETAIN_SELF = YES;
				CLANG_WARN_OBJC_LITERAL_CONVERSION = YES;
				CLANG_WARN_OBJC_ROOT_CLASS = YES_ERROR;
				CLANG_WARN_QUOTED_INCLUDE_IN_FRAMEWORK_HEADER = YES;
				CLANG_WARN_RANGE_LOOP_ANALYSIS = YES;
				CLANG_WARN_STRICT_PROTOTYPES = YES;
				CLANG_WARN_SUSPICIOUS_MOVE = YES;
				CLANG_WARN_UNGUARDED_AVAILABILITY = YES_AGGRESSIVE;
				CLANG_WARN_UNREACHABLE_CODE = YES;
				CLANG_WARN__DUPLICATE_METHOD_MATCH = YES;
				COPY_PHASE_STRIP = NO;
				DEBUG_INFORMATION_FORMAT = "dwarf-with-dsym";
				ENABLE_NS_ASSERTIONS = NO;
				ENABLE_STRICT_OBJC_MSGSEND = YES;
				GCC_C_LANGUAGE_STANDARD = gnu11;
				GCC_NO_COMMON_BLOCKS = YES;
				GCC_WARN_64_TO_32_BIT_CONVERSION = YES;
				GCC_WARN_ABOUT_RETURN_TYPE = YES_ERROR;
				GCC_WARN_UNDECLARED_SELECTOR = YES;
				GCC_WARN_UNINITIALIZED_AUTOS = YES_AGGRESSIVE;
				GCC_WARN_UNUSED_FUNCTION = YES;
				GCC_WARN_UNUSED_VARIABLE = YES;
				IPHONEOS_DEPLOYMENT_TARGET = 14.4;
				MTL_ENABLE_DEBUG_INFO = NO;
				MTL_FAST_MATH = YES;
				SDKROOT = iphoneos;
				SWIFT_COMPILATION_MODE = wholemodule;
				SWIFT_OPTIMIZATION_LEVEL = "-O";
				VALIDATE_PRODUCT = YES;
			};
			name = Release;
		};
		A6B73F3925EC8A4E005F9ED2 /* Debug */ = {
			isa = XCBuildConfiguration;
			buildSettings = {
				ASSETCATALOG_COMPILER_APPICON_NAME = AppIcon;
				ASSETCATALOG_COMPILER_GLOBAL_ACCENT_COLOR_NAME = AccentColor;
				CODE_SIGN_STYLE = Automatic;
				DEVELOPMENT_ASSET_PATHS = "\"Contacts/Preview Content\"";
				ENABLE_PREVIEWS = YES;
				INFOPLIST_FILE = Contacts/Info.plist;
				IPHONEOS_DEPLOYMENT_TARGET = 14.0;
				LD_RUNPATH_SEARCH_PATHS = (
					"$(inherited)",
					"@executable_path/Frameworks",
				);
				PRODUCT_BUNDLE_IDENTIFIER = com.tonnysunm.Contacts;
				PRODUCT_NAME = "$(TARGET_NAME)";
				SWIFT_VERSION = 5.0;
				TARGETED_DEVICE_FAMILY = "1,2";
			};
			name = Debug;
		};
		A6B73F3A25EC8A4E005F9ED2 /* Release */ = {
			isa = XCBuildConfiguration;
			buildSettings = {
				ASSETCATALOG_COMPILER_APPICON_NAME = AppIcon;
				ASSETCATALOG_COMPILER_GLOBAL_ACCENT_COLOR_NAME = AccentColor;
				CODE_SIGN_STYLE = Automatic;
				DEVELOPMENT_ASSET_PATHS = "\"Contacts/Preview Content\"";
				ENABLE_PREVIEWS = YES;
				INFOPLIST_FILE = Contacts/Info.plist;
				IPHONEOS_DEPLOYMENT_TARGET = 14.0;
				LD_RUNPATH_SEARCH_PATHS = (
					"$(inherited)",
					"@executable_path/Frameworks",
				);
				PRODUCT_BUNDLE_IDENTIFIER = com.tonnysunm.Contacts;
				PRODUCT_NAME = "$(TARGET_NAME)";
				SWIFT_VERSION = 5.0;
				TARGETED_DEVICE_FAMILY = "1,2";
			};
			name = Release;
		};
		A6B73F3C25EC8A4E005F9ED2 /* Debug */ = {
			isa = XCBuildConfiguration;
			buildSettings = {
				ALWAYS_EMBED_SWIFT_STANDARD_LIBRARIES = YES;
				BUNDLE_LOADER = "$(TEST_HOST)";
				CODE_SIGN_STYLE = Automatic;
				INFOPLIST_FILE = ContactsTests/Info.plist;
				IPHONEOS_DEPLOYMENT_TARGET = 14.0;
				LD_RUNPATH_SEARCH_PATHS = (
					"$(inherited)",
					"@executable_path/Frameworks",
					"@loader_path/Frameworks",
				);
				PRODUCT_BUNDLE_IDENTIFIER = com.tonnysunm.ContactsTests;
				PRODUCT_NAME = "$(TARGET_NAME)";
				SWIFT_VERSION = 5.0;
				TARGETED_DEVICE_FAMILY = "1,2";
				TEST_HOST = "$(BUILT_PRODUCTS_DIR)/Contacts.app/Contacts";
			};
			name = Debug;
		};
		A6B73F3D25EC8A4E005F9ED2 /* Release */ = {
			isa = XCBuildConfiguration;
			buildSettings = {
				ALWAYS_EMBED_SWIFT_STANDARD_LIBRARIES = YES;
				BUNDLE_LOADER = "$(TEST_HOST)";
				CODE_SIGN_STYLE = Automatic;
				INFOPLIST_FILE = ContactsTests/Info.plist;
				IPHONEOS_DEPLOYMENT_TARGET = 14.0;
				LD_RUNPATH_SEARCH_PATHS = (
					"$(inherited)",
					"@executable_path/Frameworks",
					"@loader_path/Frameworks",
				);
				PRODUCT_BUNDLE_IDENTIFIER = com.tonnysunm.ContactsTests;
				PRODUCT_NAME = "$(TARGET_NAME)";
				SWIFT_VERSION = 5.0;
				TARGETED_DEVICE_FAMILY = "1,2";
				TEST_HOST = "$(BUILT_PRODUCTS_DIR)/Contacts.app/Contacts";
			};
			name = Release;
		};
		A6B73F3F25EC8A4E005F9ED2 /* Debug */ = {
			isa = XCBuildConfiguration;
			buildSettings = {
				ALWAYS_EMBED_SWIFT_STANDARD_LIBRARIES = YES;
				CODE_SIGN_STYLE = Automatic;
				INFOPLIST_FILE = ContactsUITests/Info.plist;
				LD_RUNPATH_SEARCH_PATHS = (
					"$(inherited)",
					"@executable_path/Frameworks",
					"@loader_path/Frameworks",
				);
				PRODUCT_BUNDLE_IDENTIFIER = com.tonnysunm.ContactsUITests;
				PRODUCT_NAME = "$(TARGET_NAME)";
				SWIFT_VERSION = 5.0;
				TARGETED_DEVICE_FAMILY = "1,2";
				TEST_TARGET_NAME = Contacts;
			};
			name = Debug;
		};
		A6B73F4025EC8A4E005F9ED2 /* Release */ = {
			isa = XCBuildConfiguration;
			buildSettings = {
				ALWAYS_EMBED_SWIFT_STANDARD_LIBRARIES = YES;
				CODE_SIGN_STYLE = Automatic;
				INFOPLIST_FILE = ContactsUITests/Info.plist;
				LD_RUNPATH_SEARCH_PATHS = (
					"$(inherited)",
					"@executable_path/Frameworks",
					"@loader_path/Frameworks",
				);
				PRODUCT_BUNDLE_IDENTIFIER = com.tonnysunm.ContactsUITests;
				PRODUCT_NAME = "$(TARGET_NAME)";
				SWIFT_VERSION = 5.0;
				TARGETED_DEVICE_FAMILY = "1,2";
				TEST_TARGET_NAME = Contacts;
			};
			name = Release;
		};
/* End XCBuildConfiguration section */

/* Begin XCConfigurationList section */
		A6B73F0E25EC8A4D005F9ED2 /* Build configuration list for PBXProject "Contacts" */ = {
			isa = XCConfigurationList;
			buildConfigurations = (
				A6B73F3625EC8A4E005F9ED2 /* Debug */,
				A6B73F3725EC8A4E005F9ED2 /* Release */,
			);
			defaultConfigurationIsVisible = 0;
			defaultConfigurationName = Release;
		};
		A6B73F3825EC8A4E005F9ED2 /* Build configuration list for PBXNativeTarget "Contacts" */ = {
			isa = XCConfigurationList;
			buildConfigurations = (
				A6B73F3925EC8A4E005F9ED2 /* Debug */,
				A6B73F3A25EC8A4E005F9ED2 /* Release */,
			);
			defaultConfigurationIsVisible = 0;
			defaultConfigurationName = Release;
		};
		A6B73F3B25EC8A4E005F9ED2 /* Build configuration list for PBXNativeTarget "ContactsTests" */ = {
			isa = XCConfigurationList;
			buildConfigurations = (
				A6B73F3C25EC8A4E005F9ED2 /* Debug */,
				A6B73F3D25EC8A4E005F9ED2 /* Release */,
			);
			defaultConfigurationIsVisible = 0;
			defaultConfigurationName = Release;
		};
		A6B73F3E25EC8A4E005F9ED2 /* Build configuration list for PBXNativeTarget "ContactsUITests" */ = {
			isa = XCConfigurationList;
			buildConfigurations = (
				A6B73F3F25EC8A4E005F9ED2 /* Debug */,
				A6B73F4025EC8A4E005F9ED2 /* Release */,
			);
			defaultConfigurationIsVisible = 0;
			defaultConfigurationName = Release;
		};
/* End XCConfigurationList section */
	};
	rootObject = A6B73F0B25EC8A4D005F9ED2 /* Project object */;
}
